
Microsoft Visual Studio Solution File, Format Version 12.00
# Visual Studio 15
VisualStudioVersion = 15.0.27703.2026
MinimumVisualStudioVersion = 10.0.40219.1
Project("{FAE04EC0-301F-11D3-BF4B-00C04F79EFBC}") = "Prana.Finance", "Prana.Finance.csproj", "{8757C481-81C6-4CB6-835A-3EFD8E9F5FDF}"
EndProject
Project("{FAE04EC0-301F-11D3-BF4B-00C04F79EFBC}") = "Prana.Finance.Test", "..\Prana.Finance.Test\Prana.Finance.Test.csproj", "{8EEBCC7A-748E-4D8A-9DB2-1A9163DAB3CA}"
EndProject
Global
	GlobalSection(SolutionConfigurationPlatforms) = preSolution
		Debug|Any CPU = Debug|Any CPU
		Release|Any CPU = Release|Any CPU
	EndGlobalSection
	GlobalSection(ProjectConfigurationPlatforms) = postSolution
		{8757C481-81C6-4CB6-835A-3EFD8E9F5FDF}.Debug|Any CPU.ActiveCfg = Debug|Any CPU
		{8757C481-81C6-4CB6-835A-3EFD8E9F5FDF}.Debug|Any CPU.Build.0 = Debug|Any CPU
		{8757C481-81C6-4CB6-835A-3EFD8E9F5FDF}.Release|Any CPU.ActiveCfg = Release|Any CPU
		{8757C481-81C6-4CB6-835A-3EFD8E9F5FDF}.Release|Any CPU.Build.0 = Release|Any CPU
		{8EEBCC7A-748E-4D8A-9DB2-1A9163DAB3CA}.Debug|Any CPU.ActiveCfg = Debug|Any CPU
		{8EEBCC7A-748E-4D8A-9DB2-1A9163DAB3CA}.Debug|Any CPU.Build.0 = Debug|Any CPU
		{8EEBCC7A-748E-4D8A-9DB2-1A9163DAB3CA}.Release|Any CPU.ActiveCfg = Release|Any CPU
		{8EEBCC7A-748E-4D8A-9DB2-1A9163DAB3CA}.Release|Any CPU.Build.0 = Release|Any CPU
	EndGlobalSection
	GlobalSection(SolutionProperties) = preSolution
		HideSolutionNode = FALSE
	EndGlobalSection
	GlobalSection(ExtensibilityGlobals) = postSolution
		SolutionGuid = {2C10E399-C59A-49AC-A948-3DA3F4230D22}
	EndGlobalSection
EndGlobal
